// !$*UTF8*$!
{
	archiveVersion = 1;
	classes = {
	};
	objectVersion = 48;
	objects = {

/* Begin PBXBuildFile section */
		2B42A06D20616BD8009C1FB1 /* AppDelegate.swift in Sources */ = {isa = PBXBuildFile; fileRef = 2B42A06C20616BD8009C1FB1 /* AppDelegate.swift */; };
		2B42A06F20616BD8009C1FB1 /* CircleViewController.swift in Sources */ = {isa = PBXBuildFile; fileRef = 2B42A06E20616BD8009C1FB1 /* CircleViewController.swift */; };
		2B42A07220616BD8009C1FB1 /* Main.storyboard in Resources */ = {isa = PBXBuildFile; fileRef = 2B42A07020616BD8009C1FB1 /* Main.storyboard */; };
		2B42A07420616BD8009C1FB1 /* Assets.xcassets in Resources */ = {isa = PBXBuildFile; fileRef = 2B42A07320616BD8009C1FB1 /* Assets.xcassets */; };
		2B42A07720616BD8009C1FB1 /* LaunchScreen.storyboard in Resources */ = {isa = PBXBuildFile; fileRef = 2B42A07520616BD8009C1FB1 /* LaunchScreen.storyboard */; };
		2B42A07F20616C0B009C1FB1 /* ColorUtils.swift in Sources */ = {isa = PBXBuildFile; fileRef = 2B42A07E20616C0B009C1FB1 /* ColorUtils.swift */; };
/* End PBXBuildFile section */

/* Begin PBXFileReference section */
		2B42A06920616BD8009C1FB1 /* CircleSpawn.app */ = {isa = PBXFileReference; explicitFileType = wrapper.application; includeInIndex = 0; path = CircleSpawn.app; sourceTree = BUILT_PRODUCTS_DIR; };
		2B42A06C20616BD8009C1FB1 /* AppDelegate.swift */ = {isa = PBXFileReference; lastKnownFileType = sourcecode.swift; path = AppDelegate.swift; sourceTree = "<group>"; };
		2B42A06E20616BD8009C1FB1 /* CircleViewController.swift */ = {isa = PBXFileReference; lastKnownFileType = sourcecode.swift; path = CircleViewController.swift; sourceTree = "<group>"; };
		2B42A07120616BD8009C1FB1 /* Base */ = {isa = PBXFileReference; lastKnownFileType = file.storyboard; name = Base; path = Base.lproj/Main.storyboard; sourceTree = "<group>"; };
		2B42A07320616BD8009C1FB1 /* Assets.xcassets */ = {isa = PBXFileReference; lastKnownFileType = folder.assetcatalog; path = Assets.xcassets; sourceTree = "<group>"; };
		2B42A07620616BD8009C1FB1 /* Base */ = {isa = PBXFileReference; lastKnownFileType = file.storyboard; name = Base; path = Base.lproj/LaunchScreen.storyboard; sourceTree = "<group>"; };
		2B42A07820616BD8009C1FB1 /* Info.plist */ = {isa = PBXFileReference; lastKnownFileType = text.plist.xml; path = Info.plist; sourceTree = "<group>"; };
		2B42A07E20616C0B009C1FB1 /* ColorUtils.swift */ = {isa = PBXFileReference; lastKnownFileType = sourcecode.swift; path = ColorUtils.swift; sourceTree = "<group>"; };
/* End PBXFileReference section */

/* Begin PBXFrameworksBuildPhase section */
		2B42A06620616BD8009C1FB1 /* Frameworks */ = {
			isa = PBXFrameworksBuildPhase;
			buildActionMask = 2147483647;
			files = (
			);
			runOnlyForDeploymentPostprocessing = 0;
		};
/* End PBXFrameworksBuildPhase section */

/* Begin PBXGroup section */
		2B4014C22061A9CD0001B8A8 /* Controller */ = {
			isa = PBXGroup;
			children = (
				2B42A06E20616BD8009C1FB1 /* CircleViewController.swift */,
			);
			path = Controller;
			sourceTree = "<group>";
		};
		2B4014C32061A9D80001B8A8 /* Util */ = {
			isa = PBXGroup;
			children = (
				2B42A07E20616C0B009C1FB1 /* ColorUtils.swift */,
			);
			path = Util;
			sourceTree = "<group>";
		};
		2B42A06020616BD8009C1FB1 = {
			isa = PBXGroup;
			children = (
				2B42A06B20616BD8009C1FB1 /* CircleSpawn */,
				2B42A06A20616BD8009C1FB1 /* Products */,
			);
			sourceTree = "<group>";
		};
		2B42A06A20616BD8009C1FB1 /* Products */ = {
			isa = PBXGroup;
			children = (
				2B42A06920616BD8009C1FB1 /* CircleSpawn.app */,
			);
			name = Products;
			sourceTree = "<group>";
		};
		2B42A06B20616BD8009C1FB1 /* CircleSpawn */ = {
			isa = PBXGroup;
			children = (
				2B4014C32061A9D80001B8A8 /* Util */,
				2B4014C22061A9CD0001B8A8 /* Controller */,
				2B42A06C20616BD8009C1FB1 /* AppDelegate.swift */,
				2B42A07020616BD8009C1FB1 /* Main.storyboard */,
				2B42A07520616BD8009C1FB1 /* LaunchScreen.storyboard */,
				2B42A07320616BD8009C1FB1 /* Assets.xcassets */,
				2B42A07820616BD8009C1FB1 /* Info.plist */,
			);
			path = CircleSpawn;
			sourceTree = "<group>";
		};
/* End PBXGroup section */

/* Begin PBXNativeTarget section */
		2B42A06820616BD8009C1FB1 /* CircleSpawn */ = {
			isa = PBXNativeTarget;
			buildConfigurationList = 2B42A07B20616BD8009C1FB1 /* Build configuration list for PBXNativeTarget "CircleSpawn" */;
			buildPhases = (
				2B42A06520616BD8009C1FB1 /* Sources */,
				2B42A06620616BD8009C1FB1 /* Frameworks */,
				2B42A06720616BD8009C1FB1 /* Resources */,
			);
			buildRules = (
			);
			dependencies = (
			);
			name = CircleSpawn;
			productName = CircleSpawn;
			productReference = 2B42A06920616BD8009C1FB1 /* CircleSpawn.app */;
			productType = "com.apple.product-type.application";
		};
/* End PBXNativeTarget section */

/* Begin PBXProject section */
		2B42A06120616BD8009C1FB1 /* Project object */ = {
			isa = PBXProject;
			attributes = {
				LastSwiftUpdateCheck = 0920;
				LastUpgradeCheck = 0920;
				ORGANIZATIONNAME = "Tomasz Bogusz";
				TargetAttributes = {
					2B42A06820616BD8009C1FB1 = {
						CreatedOnToolsVersion = 9.2;
						ProvisioningStyle = Automatic;
					};
				};
			};
			buildConfigurationList = 2B42A06420616BD8009C1FB1 /* Build configuration list for PBXProject "CircleSpawn" */;
			compatibilityVersion = "Xcode 8.0";
			developmentRegion = en;
			hasScannedForEncodings = 0;
			knownRegions = (
				en,
				Base,
			);
			mainGroup = 2B42A06020616BD8009C1FB1;
			productRefGroup = 2B42A06A20616BD8009C1FB1 /* Products */;
			projectDirPath = "";
			projectRoot = "";
			targets = (
				2B42A06820616BD8009C1FB1 /* CircleSpawn */,
			);
		};
/* End PBXProject section */

/* Begin PBXResourcesBuildPhase section */
		2B42A06720616BD8009C1FB1 /* Resources */ = {
			isa = PBXResourcesBuildPhase;
			buildActionMask = 2147483647;
			files = (
				2B42A07720616BD8009C1FB1 /* LaunchScreen.storyboard in Resources */,
				2B42A07420616BD8009C1FB1 /* Assets.xcassets in Resources */,
				2B42A07220616BD8009C1FB1 /* Main.storyboard in Resources */,
			);
			runOnlyForDeploymentPostprocessing = 0;
		};
/* End PBXResourcesBuildPhase section */

/* Begin PBXSourcesBuildPhase section */
		2B42A06520616BD8009C1FB1 /* Sources */ = {
			isa = PBXSourcesBuildPhase;
			buildActionMask = 2147483647;
			files = (
				2B42A07F20616C0B009C1FB1 /* ColorUtils.swift in Sources */,
				2B42A06F20616BD8009C1FB1 /* CircleViewController.swift in Sources */,
				2B42A06D20616BD8009C1FB1 /* AppDelegate.swift in Sources */,
			);
			runOnlyForDeploymentPostprocessing = 0;
		};
/* End PBXSourcesBuildPhase section */

/* Begin PBXVariantGroup section */
		2B42A07020616BD8009C1FB1 /* Main.storyboard */ = {
			isa = PBXVariantGroup;
			children = (
				2B42A07120616BD8009C1FB1 /* Base */,
			);
			name = Main.storyboard;
			sourceTree = "<group>";
		};
		2B42A07520616BD8009C1FB1 /* LaunchScreen.storyboard */ = {
			isa = PBXVariantGroup;
			children = (
				2B42A07620616BD8009C1FB1 /* Base */,
			);
			name = LaunchScreen.storyboard;
			sourceTree = "<group>";
		};
/* End PBXVariantGroup section */

/* Begin XCBuildConfiguration section */
		2B42A07920616BD8009C1FB1 /* Debug */ = {
			isa = XCBuildConfiguration;
			buildSettings = {
				ALWAYS_SEARCH_USER_PATHS = NO;
				CLANG_ANALYZER_NONNULL = YES;
				CLANG_ANALYZER_NUMBER_OBJECT_CONVERSION = YES_AGGRESSIVE;
				CLANG_CXX_LANGUAGE_STANDARD = "gnu++14";
				CLANG_CXX_LIBRARY = "libc++";
				CLANG_ENABLE_MODULES = YES;
				CLANG_ENABLE_OBJC_ARC = YES;
				CLANG_WARN_BLOCK_CAPTURE_AUTORELEASING = YES;
				CLANG_WARN_BOOL_CONVERSION = YES;
				CLANG_WARN_COMMA = YES;
				CLANG_WARN_CONSTANT_CONVERSION = YES;
				CLANG_WARN_DIRECT_OBJC_ISA_USAGE = YES_ERROR;
				CLANG_WARN_DOCUMENTATION_COMMENTS = YES;
				CLANG_WARN_EMPTY_BODY = YES;
				CLANG_WARN_ENUM_CONVERSION = YES;
				CLANG_WARN_INFINITE_RECURSION = YES;
				CLANG_WARN_INT_CONVERSION = YES;
				CLANG_WARN_NON_LITERAL_NULL_CONVERSION = YES;
				CLANG_WARN_OBJC_LITERAL_CONVERSION = YES;
				CLANG_WARN_OBJC_ROOT_CLASS = YES_ERROR;
				CLANG_WARN_RANGE_LOOP_ANALYSIS = YES;
				CLANG_WARN_STRICT_PROTOTYPES = YES;
				CLANG_WARN_SUSPICIOUS_MOVE = YES;
				CLANG_WARN_UNGUARDED_AVAILABILITY = YES_AGGRESSIVE;
				CLANG_WARN_UNREACHABLE_CODE = YES;
				CLANG_WARN__DUPLICATE_METHOD_MATCH = YES;
				CODE_SIGN_IDENTITY = "iPhone Developer";
				COPY_PHASE_STRIP = NO;
				DEBUG_INFORMATION_FORMAT = dwarf;
				ENABLE_STRICT_OBJC_MSGSEND = YES;
				ENABLE_TESTABILITY = YES;
				GCC_C_LANGUAGE_STANDARD = gnu11;
				GCC_DYNAMIC_NO_PIC = NO;
				GCC_NO_COMMON_BLOCKS = YES;
				GCC_OPTIMIZATION_LEVEL = 0;
				GCC_PREPROCESSOR_DEFINITIONS = (
					"DEBUG=1",
					"$(inherited)",
				);
				GCC_WARN_64_TO_32_BIT_CONVERSION = YES;
				GCC_WARN_ABOUT_RETURN_TYPE = YES_ERROR;
				GCC_WARN_UNDECLARED_SELECTOR = YES;
				GCC_WARN_UNINITIALIZED_AUTOS = YES_AGGRESSIVE;
				GCC_WARN_UNUSED_FUNCTION = YES;
				GCC_WARN_UNUSED_VARIABLE = YES;
				IPHONEOS_DEPLOYMENT_TARGET = 11.2;
				MTL_ENABLE_DEBUG_INFO = YES;
				ONLY_ACTIVE_ARCH = YES;
				SDKROOT = iphoneos;
				SWIFT_ACTIVE_COMPILATION_CONDITIONS = DEBUG;
				SWIFT_OPTIMIZATION_LEVEL = "-Onone";
			};
			name = Debug;
		};
		2B42A07A20616BD8009C1FB1 /* Release */ = {
			isa = XCBuildConfiguration;
			buildSettings = {
				ALWAYS_SEARCH_USER_PATHS = NO;
				CLANG_ANALYZER_NONNULL = YES;
				CLANG_ANALYZER_NUMBER_OBJECT_CONVERSION = YES_AGGRESSIVE;
				CLANG_CXX_LANGUAGE_STANDARD = "gnu++14";
				CLANG_CXX_LIBRARY = "libc++";
				CLANG_ENABLE_MODULES = YES;
				CLANG_ENABLE_OBJC_ARC = YES;
				CLANG_WARN_BLOCK_CAPTURE_AUTORELEASING = YES;
				CLANG_WARN_BOOL_CONVERSION = YES;
				CLANG_WARN_COMMA = YES;
				CLANG_WARN_CONSTANT_CONVERSION = YES;
				CLANG_WARN_DIRECT_OBJC_ISA_USAGE = YES_ERROR;
				CLANG_WARN_DOCUMENTATION_COMMENTS = YES;
				CLANG_WARN_EMPTY_BODY = YES;
				CLANG_WARN_ENUM_CONVERSION = YES;
				CLANG_WARN_INFINITE_RECURSION = YES;
				CLANG_WARN_INT_CONVERSION = YES;
				CLANG_WARN_NON_LITERAL_NULL_CONVERSION = YES;
				CLANG_WARN_OBJC_LITERAL_CONVERSION = YES;
				CLANG_WARN_OBJC_ROOT_CLASS = YES_ERROR;
				CLANG_WARN_RANGE_LOOP_ANALYSIS = YES;
				CLANG_WARN_STRICT_PROTOTYPES = YES;
				CLANG_WARN_SUSPICIOUS_MOVE = YES;
				CLANG_WARN_UNGUARDED_AVAILABILITY = YES_AGGRESSIVE;
				CLANG_WARN_UNREACHABLE_CODE = YES;
				CLANG_WARN__DUPLICATE_METHOD_MATCH = YES;
				CODE_SIGN_IDENTITY = "iPhone Developer";
				COPY_PHASE_STRIP = NO;
				DEBUG_INFORMATION_FORMAT = "dwarf-with-dsym";
				ENABLE_NS_ASSERTIONS = NO;
				ENABLE_STRICT_OBJC_MSGSEND = YES;
				GCC_C_LANGUAGE_STANDARD = gnu11;
				GCC_NO_COMMON_BLOCKS = YES;
				GCC_WARN_64_TO_32_BIT_CONVERSION = YES;
				GCC_WARN_ABOUT_RETURN_TYPE = YES_ERROR;
				GCC_WARN_UNDECLARED_SELECTOR = YES;
				GCC_WARN_UNINITIALIZED_AUTOS = YES_AGGRESSIVE;
				GCC_WARN_UNUSED_FUNCTION = YES;
				GCC_WARN_UNUSED_VARIABLE = YES;
				IPHONEOS_DEPLOYMENT_TARGET = 11.2;
				MTL_ENABLE_DEBUG_INFO = NO;
				SDKROOT = iphoneos;
				SWIFT_OPTIMIZATION_LEVEL = "-Owholemodule";
				VALIDATE_PRODUCT = YES;
			};
			name = Release;
		};
		2B42A07C20616BD8009C1FB1 /* Debug */ = {
			isa = XCBuildConfiguration;
			buildSettings = {
				ASSETCATALOG_COMPILER_APPICON_NAME = AppIcon;
				CODE_SIGN_STYLE = Automatic;
				DEVELOPMENT_TEAM = V827942LT5;
				INFOPLIST_FILE = CircleSpawn/Info.plist;
				LD_RUNPATH_SEARCH_PATHS = "$(inherited) @executable_path/Frameworks";
				PRODUCT_BUNDLE_IDENTIFIER = com.bogusz.tomasz.CircleSpawn;
				PRODUCT_NAME = "$(TARGET_NAME)";
				SWIFT_VERSION = 4.0;
				TARGETED_DEVICE_FAMILY = "1,2";
			};
			name = Debug;
		};
		2B42A07D20616BD8009C1FB1 /* Release */ = {
			isa = XCBuildConfiguration;
			buildSettings = {
				ASSETCATALOG_COMPILER_APPICON_NAME = AppIcon;
				CODE_SIGN_STYLE = Automatic;
				DEVELOPMENT_TEAM = V827942LT5;
				INFOPLIST_FILE = CircleSpawn/Info.plist;
				LD_RUNPATH_SEARCH_PATHS = "$(inherited) @executable_path/Frameworks";
				PRODUCT_BUNDLE_IDENTIFIER = com.bogusz.tomasz.CircleSpawn;
				PRODUCT_NAME = "$(TARGET_NAME)";
				SWIFT_VERSION = 4.0;
				TARGETED_DEVICE_FAMILY = "1,2";
			};
			name = Release;
		};
/* End XCBuildConfiguration section */

/* Begin XCConfigurationList section */
		2B42A06420616BD8009C1FB1 /* Build configuration list for PBXProject "CircleSpawn" */ = {
			isa = XCConfigurationList;
			buildConfigurations = (
				2B42A07920616BD8009C1FB1 /* Debug */,
				2B42A07A20616BD8009C1FB1 /* Release */,
			);
			defaultConfigurationIsVisible = 0;
			defaultConfigurationName = Release;
		};
		2B42A07B20616BD8009C1FB1 /* Build configuration list for PBXNativeTarget "CircleSpawn" */ = {
			isa = XCConfigurationList;
			buildConfigurations = (
				2B42A07C20616BD8009C1FB1 /* Debug */,
				2B42A07D20616BD8009C1FB1 /* Release */,
			);
			defaultConfigurationIsVisible = 0;
			defaultConfigurationName = Release;
		};
/* End XCConfigurationList section */
	};
	rootObject = 2B42A06120616BD8009C1FB1 /* Project object */;
}
